
Microsoft Visual Studio Solution File, Format Version 12.00
# Visual Studio Version 17
VisualStudioVersion = 17.0.31903.59
MinimumVisualStudioVersion = 10.0.40219.1
Project("{2150E333-8FDC-42A3-9474-1A3956D46DE8}") = "src", "src", "{079F6C41-FF50-4A26-9E3B-C4BAB467D8B1}"
EndProject
Project("{FAE04EC0-301F-11D3-BF4B-00C04F79EFBC}") = "Robit.AdventOfCode2023.Day_02", "src\Robit.AdventOfCode2023.Day_02\Robit.AdventOfCode2023.Day_02.csproj", "{3D84C7CE-8892-423A-A4AE-899A893A076F}"
EndProject
Project("{FAE04EC0-301F-11D3-BF4B-00C04F79EFBC}") = "Robit.AdventOfCode2023.AppRazor", "src\Robit.AdventOfCode2023.AppRazor\Robit.AdventOfCode2023.AppRazor.csproj", "{5FDF8F2E-A5F1-4843-AB9D-54CB223415BF}"
EndProject
Project("{FAE04EC0-301F-11D3-BF4B-00C04F79EFBC}") = "Robit.AdventOfCode2023.Abstractions", "src\Robit.AdventOfCode2023.Abstractions\Robit.AdventOfCode2023.Abstractions.csproj", "{81617514-5E09-4BCE-83A2-69995DAAAC25}"
EndProject
Project("{FAE04EC0-301F-11D3-BF4B-00C04F79EFBC}") = "Robit.AdventOfCode2023.RegularExpressions", "src\Robit.AdventOfCode2023.Regex\Robit.AdventOfCode2023.RegularExpressions.csproj", "{A3EB77D8-15E4-4516-9A13-50D6F2DD574F}"
EndProject
Project("{FAE04EC0-301F-11D3-BF4B-00C04F79EFBC}") = "Robit.AdventOfCode2023.Day_01", "src\Robit.AdventOfCode2023.Day_01\Robit.AdventOfCode2023.Day_01.csproj", "{FE9A0454-0CAC-49FD-921E-FB706FF26BC0}"
EndProject
Global
	GlobalSection(SolutionConfigurationPlatforms) = preSolution
		Debug|Any CPU = Debug|Any CPU
		Release|Any CPU = Release|Any CPU
	EndGlobalSection
	GlobalSection(ProjectConfigurationPlatforms) = postSolution
		{3D84C7CE-8892-423A-A4AE-899A893A076F}.Debug|Any CPU.ActiveCfg = Debug|Any CPU
		{3D84C7CE-8892-423A-A4AE-899A893A076F}.Debug|Any CPU.Build.0 = Debug|Any CPU
		{3D84C7CE-8892-423A-A4AE-899A893A076F}.Release|Any CPU.ActiveCfg = Release|Any CPU
		{3D84C7CE-8892-423A-A4AE-899A893A076F}.Release|Any CPU.Build.0 = Release|Any CPU
		{5FDF8F2E-A5F1-4843-AB9D-54CB223415BF}.Debug|Any CPU.ActiveCfg = Debug|Any CPU
		{5FDF8F2E-A5F1-4843-AB9D-54CB223415BF}.Debug|Any CPU.Build.0 = Debug|Any CPU
		{5FDF8F2E-A5F1-4843-AB9D-54CB223415BF}.Release|Any CPU.ActiveCfg = Release|Any CPU
		{5FDF8F2E-A5F1-4843-AB9D-54CB223415BF}.Release|Any CPU.Build.0 = Release|Any CPU
		{81617514-5E09-4BCE-83A2-69995DAAAC25}.Debug|Any CPU.ActiveCfg = Debug|Any CPU
		{81617514-5E09-4BCE-83A2-69995DAAAC25}.Debug|Any CPU.Build.0 = Debug|Any CPU
		{81617514-5E09-4BCE-83A2-69995DAAAC25}.Release|Any CPU.ActiveCfg = Release|Any CPU
		{81617514-5E09-4BCE-83A2-69995DAAAC25}.Release|Any CPU.Build.0 = Release|Any CPU
		{A3EB77D8-15E4-4516-9A13-50D6F2DD574F}.Debug|Any CPU.ActiveCfg = Debug|Any CPU
		{A3EB77D8-15E4-4516-9A13-50D6F2DD574F}.Debug|Any CPU.Build.0 = Debug|Any CPU
		{A3EB77D8-15E4-4516-9A13-50D6F2DD574F}.Release|Any CPU.ActiveCfg = Release|Any CPU
		{A3EB77D8-15E4-4516-9A13-50D6F2DD574F}.Release|Any CPU.Build.0 = Release|Any CPU
		{FE9A0454-0CAC-49FD-921E-FB706FF26BC0}.Debug|Any CPU.ActiveCfg = Debug|Any CPU
		{FE9A0454-0CAC-49FD-921E-FB706FF26BC0}.Debug|Any CPU.Build.0 = Debug|Any CPU
		{FE9A0454-0CAC-49FD-921E-FB706FF26BC0}.Release|Any CPU.ActiveCfg = Release|Any CPU
		{FE9A0454-0CAC-49FD-921E-FB706FF26BC0}.Release|Any CPU.Build.0 = Release|Any CPU
	EndGlobalSection
	GlobalSection(SolutionProperties) = preSolution
		HideSolutionNode = FALSE
	EndGlobalSection
	GlobalSection(NestedProjects) = preSolution
		{3D84C7CE-8892-423A-A4AE-899A893A076F} = {079F6C41-FF50-4A26-9E3B-C4BAB467D8B1}
		{5FDF8F2E-A5F1-4843-AB9D-54CB223415BF} = {079F6C41-FF50-4A26-9E3B-C4BAB467D8B1}
		{81617514-5E09-4BCE-83A2-69995DAAAC25} = {079F6C41-FF50-4A26-9E3B-C4BAB467D8B1}
		{A3EB77D8-15E4-4516-9A13-50D6F2DD574F} = {079F6C41-FF50-4A26-9E3B-C4BAB467D8B1}
		{FE9A0454-0CAC-49FD-921E-FB706FF26BC0} = {079F6C41-FF50-4A26-9E3B-C4BAB467D8B1}
	EndGlobalSection
EndGlobal
