
Microsoft Visual Studio Solution File, Format Version 12.00
# Visual Studio Version 17
VisualStudioVersion = 17.0.31903.59
MinimumVisualStudioVersion = 10.0.40219.1
Project("{2150E333-8FDC-42A3-9474-1A3956D46DE8}") = "Libraries", "Libraries", "{4004ACD5-EE11-4FA6-8DE5-1569AC95B552}"
EndProject
Project("{2150E333-8FDC-42A3-9474-1A3956D46DE8}") = "Shared", "Shared", "{B7BE8A21-3374-4A80-85E6-D79D88EBD272}"
EndProject
Project("{FAE04EC0-301F-11D3-BF4B-00C04F79EFBC}") = "AdventOfCode_2023.Libraries.Shared.UnitOfWork", "Libraries\Shared\UnitOfWork\AdventOfCode_2023.Libraries.Shared.UnitOfWork.csproj", "{334D2ADE-7DDF-4C1C-B4A1-DDEBFE730977}"
EndProject
Project("{FAE04EC0-301F-11D3-BF4B-00C04F79EFBC}") = "AdventOfCode_2023.Libraries.Shared.Regex", "Libraries\Shared\Regex\AdventOfCode_2023.Libraries.Shared.Regex.csproj", "{D03BBB64-FB07-438F-BBC5-4B6EA496D8A8}"
EndProject
Project("{FAE04EC0-301F-11D3-BF4B-00C04F79EFBC}") = "AdventOfCode_2023.Libraries.Shared.DependencyInjection", "Libraries\Shared\DependencyInjection\AdventOfCode_2023.Libraries.Shared.DependencyInjection.csproj", "{9AEF0699-6276-4F1D-B4CB-2B36DCAB4ED4}"
EndProject
Project("{2150E333-8FDC-42A3-9474-1A3956D46DE8}") = "Days", "Days", "{EF6D020D-AB80-48E5-A5EA-A0DD2D09F608}"
EndProject
Project("{FAE04EC0-301F-11D3-BF4B-00C04F79EFBC}") = "AdventOfCode_2023.Libraries.Days.Day_01", "Libraries\Days\Day_01\AdventOfCode_2023.Libraries.Days.Day_01.csproj", "{1EB3DC18-32CE-497E-A33C-1EFB194144D5}"
EndProject
Project("{FAE04EC0-301F-11D3-BF4B-00C04F79EFBC}") = "AdventOfCode_2023.Libraries.Days.Day_02", "Libraries\Days\Day_02\AdventOfCode_2023.Libraries.Days.Day_02.csproj", "{52E69A1B-E7BB-4245-AEBF-C963FA3F0344}"
EndProject
Project("{2150E333-8FDC-42A3-9474-1A3956D46DE8}") = "Applications", "Applications", "{C626A840-FACB-4F2C-9BA2-5C3EC125438B}"
EndProject
Project("{FAE04EC0-301F-11D3-BF4B-00C04F79EFBC}") = "AdventOfCode_2023.Applications.Worker", "Applications\Worker\AdventOfCode_2023.Applications.Worker.csproj", "{257A6B92-A027-41B0-A006-A25BCE216AAD}"
EndProject
Project("{FAE04EC0-301F-11D3-BF4B-00C04F79EFBC}") = "AdventOfCode_2023.Applications.Web.Razor", "Applications\Web.Razor\AdventOfCode_2023.Applications.Web.Razor.csproj", "{91C07790-9081-45BB-AB28-BFC85BC350F8}"
EndProject
Global
	GlobalSection(SolutionConfigurationPlatforms) = preSolution
		Debug|Any CPU = Debug|Any CPU
		Release|Any CPU = Release|Any CPU
	EndGlobalSection
	GlobalSection(ProjectConfigurationPlatforms) = postSolution
		{334D2ADE-7DDF-4C1C-B4A1-DDEBFE730977}.Debug|Any CPU.ActiveCfg = Debug|Any CPU
		{334D2ADE-7DDF-4C1C-B4A1-DDEBFE730977}.Debug|Any CPU.Build.0 = Debug|Any CPU
		{334D2ADE-7DDF-4C1C-B4A1-DDEBFE730977}.Release|Any CPU.ActiveCfg = Release|Any CPU
		{334D2ADE-7DDF-4C1C-B4A1-DDEBFE730977}.Release|Any CPU.Build.0 = Release|Any CPU
		{D03BBB64-FB07-438F-BBC5-4B6EA496D8A8}.Debug|Any CPU.ActiveCfg = Debug|Any CPU
		{D03BBB64-FB07-438F-BBC5-4B6EA496D8A8}.Debug|Any CPU.Build.0 = Debug|Any CPU
		{D03BBB64-FB07-438F-BBC5-4B6EA496D8A8}.Release|Any CPU.ActiveCfg = Release|Any CPU
		{D03BBB64-FB07-438F-BBC5-4B6EA496D8A8}.Release|Any CPU.Build.0 = Release|Any CPU
		{9AEF0699-6276-4F1D-B4CB-2B36DCAB4ED4}.Debug|Any CPU.ActiveCfg = Debug|Any CPU
		{9AEF0699-6276-4F1D-B4CB-2B36DCAB4ED4}.Debug|Any CPU.Build.0 = Debug|Any CPU
		{9AEF0699-6276-4F1D-B4CB-2B36DCAB4ED4}.Release|Any CPU.ActiveCfg = Release|Any CPU
		{9AEF0699-6276-4F1D-B4CB-2B36DCAB4ED4}.Release|Any CPU.Build.0 = Release|Any CPU
		{1EB3DC18-32CE-497E-A33C-1EFB194144D5}.Debug|Any CPU.ActiveCfg = Debug|Any CPU
		{1EB3DC18-32CE-497E-A33C-1EFB194144D5}.Debug|Any CPU.Build.0 = Debug|Any CPU
		{1EB3DC18-32CE-497E-A33C-1EFB194144D5}.Release|Any CPU.ActiveCfg = Release|Any CPU
		{1EB3DC18-32CE-497E-A33C-1EFB194144D5}.Release|Any CPU.Build.0 = Release|Any CPU
		{52E69A1B-E7BB-4245-AEBF-C963FA3F0344}.Debug|Any CPU.ActiveCfg = Debug|Any CPU
		{52E69A1B-E7BB-4245-AEBF-C963FA3F0344}.Debug|Any CPU.Build.0 = Debug|Any CPU
		{52E69A1B-E7BB-4245-AEBF-C963FA3F0344}.Release|Any CPU.ActiveCfg = Release|Any CPU
		{52E69A1B-E7BB-4245-AEBF-C963FA3F0344}.Release|Any CPU.Build.0 = Release|Any CPU
		{257A6B92-A027-41B0-A006-A25BCE216AAD}.Debug|Any CPU.ActiveCfg = Debug|Any CPU
		{257A6B92-A027-41B0-A006-A25BCE216AAD}.Debug|Any CPU.Build.0 = Debug|Any CPU
		{257A6B92-A027-41B0-A006-A25BCE216AAD}.Release|Any CPU.ActiveCfg = Release|Any CPU
		{257A6B92-A027-41B0-A006-A25BCE216AAD}.Release|Any CPU.Build.0 = Release|Any CPU
		{91C07790-9081-45BB-AB28-BFC85BC350F8}.Debug|Any CPU.ActiveCfg = Debug|Any CPU
		{91C07790-9081-45BB-AB28-BFC85BC350F8}.Debug|Any CPU.Build.0 = Debug|Any CPU
		{91C07790-9081-45BB-AB28-BFC85BC350F8}.Release|Any CPU.ActiveCfg = Release|Any CPU
		{91C07790-9081-45BB-AB28-BFC85BC350F8}.Release|Any CPU.Build.0 = Release|Any CPU
	EndGlobalSection
	GlobalSection(SolutionProperties) = preSolution
		HideSolutionNode = FALSE
	EndGlobalSection
	GlobalSection(NestedProjects) = preSolution
		{B7BE8A21-3374-4A80-85E6-D79D88EBD272} = {4004ACD5-EE11-4FA6-8DE5-1569AC95B552}
		{334D2ADE-7DDF-4C1C-B4A1-DDEBFE730977} = {B7BE8A21-3374-4A80-85E6-D79D88EBD272}
		{D03BBB64-FB07-438F-BBC5-4B6EA496D8A8} = {B7BE8A21-3374-4A80-85E6-D79D88EBD272}
		{9AEF0699-6276-4F1D-B4CB-2B36DCAB4ED4} = {B7BE8A21-3374-4A80-85E6-D79D88EBD272}
		{EF6D020D-AB80-48E5-A5EA-A0DD2D09F608} = {4004ACD5-EE11-4FA6-8DE5-1569AC95B552}
		{1EB3DC18-32CE-497E-A33C-1EFB194144D5} = {EF6D020D-AB80-48E5-A5EA-A0DD2D09F608}
		{52E69A1B-E7BB-4245-AEBF-C963FA3F0344} = {EF6D020D-AB80-48E5-A5EA-A0DD2D09F608}
		{257A6B92-A027-41B0-A006-A25BCE216AAD} = {C626A840-FACB-4F2C-9BA2-5C3EC125438B}
		{91C07790-9081-45BB-AB28-BFC85BC350F8} = {C626A840-FACB-4F2C-9BA2-5C3EC125438B}
	EndGlobalSection
EndGlobal
